{
  "lockfileVersion": 1,
  "configVersion": 1,
  "workspaces": {
    "": {
      "name": "@supabase/root",
    },
    "packages/api": {
      "name": "@supabase/api",
      "version": "0.1.0",
      "dependencies": {
        "openapi-fetch": "^0.13.5",
      },
      "devDependencies": {
        "@tsconfig/bun": "catalog:",
        "@types/bun": "catalog:",
        "@typescript/native-preview": "catalog:",
        "knip": "catalog:",
        "openapi-typescript": "^7.6.1",
        "oxfmt": "catalog:",
        "oxlint": "catalog:",
        "oxlint-tsgolint": "catalog:",
      },
    },
    "packages/cli": {
      "name": "@supabase/cli",
      "bin": {
        "supabase": "bin/supabase.js",
      },
      "devDependencies": {
        "@tsconfig/bun": "catalog:",
        "@types/bun": "catalog:",
        "@typescript/native-preview": "catalog:",
        "knip": "catalog:",
        "oxfmt": "catalog:",
        "oxlint": "catalog:",
        "oxlint-tsgolint": "catalog:",
      },
      "optionalDependencies": {
        "@supabase/cli-darwin-arm64": "0.0.0",
        "@supabase/cli-darwin-x64": "0.0.0",
        "@supabase/cli-linux-arm64": "0.0.0",
        "@supabase/cli-linux-x64": "0.0.0",
        "@supabase/cli-windows-x64": "0.0.0",
      },
    },
    "packages/cli-darwin-arm64": {
      "name": "@supabase/cli-darwin-arm64",
      "version": "0.0.0",
      "bin": {
        "supabase": "bin/supabase",
      },
    },
    "packages/cli-darwin-x64": {
      "name": "@supabase/cli-darwin-x64",
      "version": "0.0.0",
      "bin": {
        "supabase": "bin/supabase",
      },
    },
    "packages/cli-dist": {
      "name": "@supabase/cli-dist",
      "devDependencies": {
        "@types/bun": "catalog:",
      },
    },
    "packages/cli-linux-arm64": {
      "name": "@supabase/cli-linux-arm64",
      "version": "0.0.0",
      "bin": {
        "supabase": "bin/supabase",
      },
    },
    "packages/cli-linux-x64": {
      "name": "@supabase/cli-linux-x64",
      "version": "0.0.0",
      "bin": {
        "supabase": "bin/supabase",
      },
    },
    "packages/cli-windows-x64": {
      "name": "@supabase/cli-windows-x64",
      "version": "0.0.0",
      "bin": {
        "supabase": "bin/supabase.exe",
      },
    },
    "packages/config": {
      "name": "@supabase/config",
      "dependencies": {
        "dedent": "^1.7.1",
        "jsonv-ts": "^0.10.1",
      },
      "devDependencies": {
        "@tsconfig/bun": "catalog:",
        "@types/bun": "catalog:",
        "@typescript/native-preview": "catalog:",
        "knip": "catalog:",
        "oxfmt": "catalog:",
        "oxlint": "catalog:",
        "oxlint-tsgolint": "catalog:",
      },
    },
    "packages/process-compose": {
      "name": "@supabase/process-compose",
      "version": "0.1.0",
      "bin": {
        "process-compose": "./src/cli.ts",
      },
      "devDependencies": {
        "@tsconfig/bun": "catalog:",
        "@types/bun": "catalog:",
        "@typescript/native-preview": "catalog:",
        "knip": "catalog:",
        "oxfmt": "catalog:",
        "oxlint": "catalog:",
        "oxlint-tsgolint": "catalog:",
      },
    },
  },
  "catalog": {
    "@tsconfig/bun": "^1.0.10",
    "@types/bun": "^1.3.8",
    "@typescript/native-preview": "^7.0.0-dev.20260208.1",
    "knip": "https://pkg.pr.new/knip@1513",
    "oxfmt": "^0.28.0",
    "oxlint": "^1.43.0",
    "oxlint-tsgolint": "^0.11.5",
  },
  "packages": {
    "@babel/code-frame": ["@babel/code-frame@7.29.0", "", { "dependencies": { "@babel/helper-validator-identifier": "^7.28.5", "js-tokens": "^4.0.0", "picocolors": "^1.1.1" } }, "sha512-9NhCeYjq9+3uxgdtp20LSiJXJvN0FeCtNGpJxuMFZ1Kv3cWUNb6DOhJwUvcVCzKGR66cw4njwM6hrJLqgOwbcw=="],

    "@babel/helper-validator-identifier": ["@babel/helper-validator-identifier@7.28.5", "", {}, "sha512-qSs4ifwzKJSV39ucNjsvc6WVHs6b7S03sOh2OcHF9UHfVPqWWALUsNUVzhSBiItjRZoLHx7nIarVjqKVusUZ1Q=="],

    "@emnapi/core": ["@emnapi/core@1.8.1", "", { "dependencies": { "@emnapi/wasi-threads": "1.1.0", "tslib": "^2.4.0" } }, "sha512-AvT9QFpxK0Zd8J0jopedNm+w/2fIzvtPKPjqyw9jwvBaReTTqPBk9Hixaz7KbjimP+QNz605/XnjFcDAL2pqBg=="],

    "@emnapi/runtime": ["@emnapi/runtime@1.8.1", "", { "dependencies": { "tslib": "^2.4.0" } }, "sha512-mehfKSMWjjNol8659Z8KxEMrdSJDDot5SXMq00dM8BN4o+CLNXQ0xH2V7EchNHV4RmbZLmmPdEaXZc5H2FXmDg=="],

    "@emnapi/wasi-threads": ["@emnapi/wasi-threads@1.1.0", "", { "dependencies": { "tslib": "^2.4.0" } }, "sha512-WI0DdZ8xFSbgMjR1sFsKABJ/C5OnRrjT06JXbZKexJGrDuPTzZdDYfFlsgcCXCyf+suG5QU2e/y1Wo2V/OapLQ=="],

    "@napi-rs/wasm-runtime": ["@napi-rs/wasm-runtime@1.1.1", "", { "dependencies": { "@emnapi/core": "^1.7.1", "@emnapi/runtime": "^1.7.1", "@tybys/wasm-util": "^0.10.1" } }, "sha512-p64ah1M1ld8xjWv3qbvFwHiFVWrq1yFvV4f7w+mzaqiR4IlSgkqhcRdHwsGgomwzBH51sRY4NEowLxnaBjcW/A=="],

    "@nodelib/fs.scandir": ["@nodelib/fs.scandir@2.1.5", "", { "dependencies": { "@nodelib/fs.stat": "2.0.5", "run-parallel": "^1.1.9" } }, "sha512-vq24Bq3ym5HEQm2NKCr3yXDwjc7vTsEThRDnkp2DK9p1uqLR+DHurm/NOTo0KG7HYHU7eppKZj3MyqYuMBf62g=="],

    "@nodelib/fs.stat": ["@nodelib/fs.stat@2.0.5", "", {}, "sha512-RkhPPp2zrqDAQA/2jNhnztcPAlv64XdhIp7a7454A5ovI7Bukxgt7MX7udwAu3zg1DcpPU0rz3VV1SeaqvY4+A=="],

    "@nodelib/fs.walk": ["@nodelib/fs.walk@1.2.8", "", { "dependencies": { "@nodelib/fs.scandir": "2.1.5", "fastq": "^1.6.0" } }, "sha512-oGB+UxlgWcgQkgwo8GcEGwemoTFt3FIO9ababBmaGwXIoBKZ+GTy0pP185beGg7Llih/NSHSV2XAs1lnznocSg=="],

    "@oxc-resolver/binding-android-arm-eabi": ["@oxc-resolver/binding-android-arm-eabi@11.17.0", "", { "os": "android", "cpu": "arm" }, "sha512-kVnY21v0GyZ/+LG6EIO48wK3mE79BUuakHUYLIqobO/Qqq4mJsjuYXMSn3JtLcKZpN1HDVit4UHpGJHef1lrlw=="],

    "@oxc-resolver/binding-android-arm64": ["@oxc-resolver/binding-android-arm64@11.17.0", "", { "os": "android", "cpu": "arm64" }, "sha512-Pf8e3XcsK9a8RHInoAtEcrwf2vp7V9bSturyUUYxw9syW6E7cGi7z9+6ADXxm+8KAevVfLA7pfBg8NXTvz/HOw=="],

    "@oxc-resolver/binding-darwin-arm64": ["@oxc-resolver/binding-darwin-arm64@11.17.0", "", { "os": "darwin", "cpu": "arm64" }, "sha512-lVSgKt3biecofXVr8e1hnfX0IYMd4A6VCxmvOmHsFt5Zbmt0lkO4S2ap2bvQwYDYh5ghUNamC7M2L8K6vishhQ=="],

    "@oxc-resolver/binding-darwin-x64": ["@oxc-resolver/binding-darwin-x64@11.17.0", "", { "os": "darwin", "cpu": "x64" }, "sha512-+/raxVJE1bo7R4fA9Yp0wm3slaCOofTEeUzM01YqEGcRDLHB92WRGjRhagMG2wGlvqFuSiTp81DwSbBVo/g6AQ=="],

    "@oxc-resolver/binding-freebsd-x64": ["@oxc-resolver/binding-freebsd-x64@11.17.0", "", { "os": "freebsd", "cpu": "x64" }, "sha512-x9Ks56n+n8h0TLhzA6sJXa2tGh3uvMGpBppg6PWf8oF0s5S/3p/J6k1vJJ9lIUtTmenfCQEGKnFokpRP4fLTLg=="],

    "@oxc-resolver/binding-linux-arm-gnueabihf": ["@oxc-resolver/binding-linux-arm-gnueabihf@11.17.0", "", { "os": "linux", "cpu": "arm" }, "sha512-Wf3w07Ow9kXVJrS0zmsaFHKOGhXKXE8j1tNyy+qIYDsQWQ4UQZVx5SjlDTcqBnFerlp3Z3Is0RjmVzgoLG3qkA=="],

    "@oxc-resolver/binding-linux-arm-musleabihf": ["@oxc-resolver/binding-linux-arm-musleabihf@11.17.0", "", { "os": "linux", "cpu": "arm" }, "sha512-N0OKA1al1gQ5Gm7Fui1RWlXaHRNZlwMoBLn3TVtSXX+WbnlZoVyDqqOqFL8+pVEHhhxEA2LR8kmM0JO6FAk6dg=="],

    "@oxc-resolver/binding-linux-arm64-gnu": ["@oxc-resolver/binding-linux-arm64-gnu@11.17.0", "", { "os": "linux", "cpu": "arm64" }, "sha512-wdcQ7Niad9JpjZIGEeqKJnTvczVunqlZ/C06QzR5zOQNeLVRScQ9S5IesKWUAPsJQDizV+teQX53nTK+Z5Iy+g=="],

    "@oxc-resolver/binding-linux-arm64-musl": ["@oxc-resolver/binding-linux-arm64-musl@11.17.0", "", { "os": "linux", "cpu": "arm64" }, "sha512-65B2/t39HQN5AEhkLsC+9yBD1iRUkKOIhfmJEJ7g6wQ9kylra7JRmNmALFjbsj0VJsoSQkpM8K07kUZuNJ9Kxw=="],

    "@oxc-resolver/binding-linux-ppc64-gnu": ["@oxc-resolver/binding-linux-ppc64-gnu@11.17.0", "", { "os": "linux", "cpu": "ppc64" }, "sha512-kExgm3TLK21dNMmcH+xiYGbc6BUWvT03PUZ2aYn8mUzGPeeORklBhg3iYcaBI3ZQHB25412X1Z6LLYNjt4aIaA=="],

    "@oxc-resolver/binding-linux-riscv64-gnu": ["@oxc-resolver/binding-linux-riscv64-gnu@11.17.0", "", { "os": "linux", "cpu": "none" }, "sha512-1utUJC714/ydykZQE8c7QhpEyM4SaslMfRXxN9G61KYazr6ndt85LaubK3EZCSD50vVEfF4PVwFysCSO7LN9uA=="],

    "@oxc-resolver/binding-linux-riscv64-musl": ["@oxc-resolver/binding-linux-riscv64-musl@11.17.0", "", { "os": "linux", "cpu": "none" }, "sha512-mayiYOl3LMmtO2CLn4I5lhanfxEo0LAqlT/EQyFbu1ZN3RS+Xa7Q3JEM0wBpVIyfO/pqFrjvC5LXw/mHNDEL7A=="],

    "@oxc-resolver/binding-linux-s390x-gnu": ["@oxc-resolver/binding-linux-s390x-gnu@11.17.0", "", { "os": "linux", "cpu": "s390x" }, "sha512-Ow/yI+CrUHxIIhn/Y1sP/xoRKbCC3x9O1giKr3G/pjMe+TCJ5ZmfqVWU61JWwh1naC8X5Xa7uyLnbzyYqPsHfg=="],

    "@oxc-resolver/binding-linux-x64-gnu": ["@oxc-resolver/binding-linux-x64-gnu@11.17.0", "", { "os": "linux", "cpu": "x64" }, "sha512-Z4J7XlPMQOLPANyu6y3B3V417Md4LKH5bV6bhqgaG99qLHmU5LV2k9ErV14fSqoRc/GU/qOpqMdotxiJqN/YWg=="],

    "@oxc-resolver/binding-linux-x64-musl": ["@oxc-resolver/binding-linux-x64-musl@11.17.0", "", { "os": "linux", "cpu": "x64" }, "sha512-0effK+8lhzXsgsh0Ny2ngdnTPF30v6QQzVFApJ1Ctk315YgpGkghkelvrLYYgtgeFJFrzwmOJ2nDvCrUFKsS2Q=="],

    "@oxc-resolver/binding-openharmony-arm64": ["@oxc-resolver/binding-openharmony-arm64@11.17.0", "", { "os": "none", "cpu": "arm64" }, "sha512-kFB48dRUW6RovAICZaxHKdtZe+e94fSTNA2OedXokzMctoU54NPZcv0vUX5PMqyikLIKJBIlW7laQidnAzNrDA=="],

    "@oxc-resolver/binding-wasm32-wasi": ["@oxc-resolver/binding-wasm32-wasi@11.17.0", "", { "dependencies": { "@napi-rs/wasm-runtime": "^1.1.1" }, "cpu": "none" }, "sha512-a3elKSBLPT0OoRPxTkCIIc+4xnOELolEBkPyvdj01a6PSdSmyJ1NExWjWLaXnT6wBMblvKde5RmSwEi3j+jZpg=="],

    "@oxc-resolver/binding-win32-arm64-msvc": ["@oxc-resolver/binding-win32-arm64-msvc@11.17.0", "", { "os": "win32", "cpu": "arm64" }, "sha512-4eszUsSDb9YVx0RtYkPWkxxtSZIOgfeiX//nG5cwRRArg178w4RCqEF1kbKPud9HPrp1rXh7gE4x911OhvTnPg=="],

    "@oxc-resolver/binding-win32-ia32-msvc": ["@oxc-resolver/binding-win32-ia32-msvc@11.17.0", "", { "os": "win32", "cpu": "ia32" }, "sha512-t946xTXMmR7yGH0KAe9rB055/X4EPIu93JUvjchl2cizR5QbuwkUV7vLS2BS6x6sfvDoQb6rWYnV1HCci6tBSg=="],

    "@oxc-resolver/binding-win32-x64-msvc": ["@oxc-resolver/binding-win32-x64-msvc@11.17.0", "", { "os": "win32", "cpu": "x64" }, "sha512-pX6s2kMXLQg+hlqKk5UqOW09iLLxnTkvn8ohpYp2Mhsm2yzDPCx9dyOHiB/CQixLzTkLQgWWJykN4Z3UfRKW4Q=="],

    "@oxfmt/darwin-arm64": ["@oxfmt/darwin-arm64@0.28.0", "", { "os": "darwin", "cpu": "arm64" }, "sha512-jmUfF7cNJPw57bEK7sMIqrYRgn4LH428tSgtgLTCtjuGuu1ShREyrkeB7y8HtkXRfhBs4lVY+HMLhqElJvZ6ww=="],

    "@oxfmt/darwin-x64": ["@oxfmt/darwin-x64@0.28.0", "", { "os": "darwin", "cpu": "x64" }, "sha512-S6vlV8S7jbjzJOSjfVg2CimUC0r7/aHDLdUm/3+/B/SU/s1jV7ivqWkMv1/8EB43d1BBwT9JQ60ZMTkBqeXSFA=="],

    "@oxfmt/linux-arm64-gnu": ["@oxfmt/linux-arm64-gnu@0.28.0", "", { "os": "linux", "cpu": "arm64" }, "sha512-TfJkMZjePbLiskmxFXVAbGI/OZtD+y+fwS0wyW8O6DWG0ARTf0AipY9zGwGoOdpFuXOJceXvN4SHGLbYNDMY4Q=="],

    "@oxfmt/linux-arm64-musl": ["@oxfmt/linux-arm64-musl@0.28.0", "", { "os": "linux", "cpu": "arm64" }, "sha512-7fyQUdW203v4WWGr1T3jwTz4L7KX9y5DeATryQ6fLT6QQp9GEuct8/k0lYhd+ys42iTV/IkJF20e3YkfSOOILg=="],

    "@oxfmt/linux-x64-gnu": ["@oxfmt/linux-x64-gnu@0.28.0", "", { "os": "linux", "cpu": "x64" }, "sha512-sRKqAvEonuz0qr1X1ncUZceOBJerKzkO2gZIZmosvy/JmqyffpIFL3OE2tqacFkeDhrC+dNYQpusO8zsfHo3pw=="],

    "@oxfmt/linux-x64-musl": ["@oxfmt/linux-x64-musl@0.28.0", "", { "os": "linux", "cpu": "x64" }, "sha512-fW6czbXutX/tdQe8j4nSIgkUox9RXqjyxwyWXUDItpoDkoXllq17qbD7GVc0whrEhYQC6hFE1UEAcDypLJoSzw=="],

    "@oxfmt/win32-arm64": ["@oxfmt/win32-arm64@0.28.0", "", { "os": "win32", "cpu": "arm64" }, "sha512-D/HDeQBAQRjTbD9OLV6kRDcStrIfO+JsUODDCdGmhRfNX8LPCx95GpfyybpZfn3wVF8Jq/yjPXV1xLkQ+s7RcA=="],

    "@oxfmt/win32-x64": ["@oxfmt/win32-x64@0.28.0", "", { "os": "win32", "cpu": "x64" }, "sha512-4+S2j4OxOIyo8dz5osm5dZuL0yVmxXvtmNdHB5xyGwAWVvyWNvf7tCaQD7w2fdSsAXQLOvK7KFQrHFe33nJUCA=="],

    "@oxlint-tsgolint/darwin-arm64": ["@oxlint-tsgolint/darwin-arm64@0.11.5", "", { "os": "darwin", "cpu": "arm64" }, "sha512-mzsjJVIUgcGJovBXME63VW2Uau7MS/xCe7xdYj2BplSCuRb5Yoy7WuwCIlbD5ISHjnS6rx26oD2kmzHLRV5Wfw=="],

    "@oxlint-tsgolint/darwin-x64": ["@oxlint-tsgolint/darwin-x64@0.11.5", "", { "os": "darwin", "cpu": "x64" }, "sha512-zItUS0qLzSzVy0ZQHc4MOphA9lVeP5jffsgZFLCdo+JqmkbVZ14aDtiVUHSHi2hia+qatbb109CHQ9YIl0x7+A=="],

    "@oxlint-tsgolint/linux-arm64": ["@oxlint-tsgolint/linux-arm64@0.11.5", "", { "os": "linux", "cpu": "arm64" }, "sha512-R0r/3QTdMtIjfUOM1oxIaCV0s+j7xrnUe4CXo10ZbBzlXfMesWYNcf/oCrhsy87w0kCPFsg58nAdKaIR8xylFg=="],

    "@oxlint-tsgolint/linux-x64": ["@oxlint-tsgolint/linux-x64@0.11.5", "", { "os": "linux", "cpu": "x64" }, "sha512-g23J3T29EHWUQYC6aTwLnhwcFtjQh+VfxyGuFjYGGTLhESdlQH9E/pwsN8K9HaAiYWjI51m3r3BqQjXxEW8Jjg=="],

    "@oxlint-tsgolint/win32-arm64": ["@oxlint-tsgolint/win32-arm64@0.11.5", "", { "os": "win32", "cpu": "arm64" }, "sha512-MJNT/MPUIZKQCRtCX5s6pCnoe7If/i3RjJzFMe4kSLomRsHrNFYOJBwt4+w/Hqfyg9jNOgR8tbgdx6ofjHaPMQ=="],

    "@oxlint-tsgolint/win32-x64": ["@oxlint-tsgolint/win32-x64@0.11.5", "", { "os": "win32", "cpu": "x64" }, "sha512-IQmj4EkcZOBlLnj1CdxKFrWT7NAWXZ9ypZ874X/w7S5gRzB2sO4KmE6Z0MWxx05pL9AQF+CWVRjZrKVIYWTzPg=="],

    "@oxlint/darwin-arm64": ["@oxlint/darwin-arm64@1.43.0", "", { "os": "darwin", "cpu": "arm64" }, "sha512-C/GhObv/pQZg34NOzB6Mk8x0wc9AKj8fXzJF8ZRKTsBPyHusC6AZ6bba0QG0TUufw1KWuD0j++oebQfWeiFXNw=="],

    "@oxlint/darwin-x64": ["@oxlint/darwin-x64@1.43.0", "", { "os": "darwin", "cpu": "x64" }, "sha512-4NjfUtEEH8ewRQ2KlZGmm6DyrvypMdHwBnQT92vD0dLScNOQzr0V9O8Ua4IWXdeCNl/XMVhAV3h4/3YEYern5A=="],

    "@oxlint/linux-arm64-gnu": ["@oxlint/linux-arm64-gnu@1.43.0", "", { "os": "linux", "cpu": "arm64" }, "sha512-75tf1HvwdZ3ebk83yMbSB+moAEWK98mYqpXiaFAi6Zshie7r+Cx5PLXZFUEqkscenoZ+fcNXakHxfn94V6nf1g=="],

    "@oxlint/linux-arm64-musl": ["@oxlint/linux-arm64-musl@1.43.0", "", { "os": "linux", "cpu": "arm64" }, "sha512-BHV4fb36T2p/7bpA9fiJ5ayt7oJbiYX10nklW5arYp4l9/9yG/FQC5J4G1evzbJ/YbipF9UH0vYBAm5xbqGrvw=="],

    "@oxlint/linux-x64-gnu": ["@oxlint/linux-x64-gnu@1.43.0", "", { "os": "linux", "cpu": "x64" }, "sha512-1l3nvnzWWse1YHibzZ4HQXdF/ibfbKZhp9IguElni3bBqEyPEyurzZ0ikWynDxKGXqZa+UNXTFuU1NRVX1RJ3g=="],

    "@oxlint/linux-x64-musl": ["@oxlint/linux-x64-musl@1.43.0", "", { "os": "linux", "cpu": "x64" }, "sha512-+jNYgLGRFTJxJuaSOZJBwlYo5M0TWRw0+3y5MHOL4ArrIdHyCthg6r4RbVWrsR1qUfUE1VSSHQ2bfbC99RXqMg=="],

    "@oxlint/win32-arm64": ["@oxlint/win32-arm64@1.43.0", "", { "os": "win32", "cpu": "arm64" }, "sha512-dvs1C/HCjCyGTURMagiHprsOvVTT3omDiSzi5Qw0D4QFJ1pEaNlfBhVnOUYgUfS6O7Mcmj4+G+sidRsQcWQ/kA=="],

    "@oxlint/win32-x64": ["@oxlint/win32-x64@1.43.0", "", { "os": "win32", "cpu": "x64" }, "sha512-bSuItSU8mTSDsvmmLTepTdCL2FkJI6dwt9tot/k0EmiYF+ArRzmsl4lXVLssJNRV5lJEc5IViyTrh7oiwrjUqA=="],

    "@redocly/ajv": ["@redocly/ajv@8.17.3", "", { "dependencies": { "fast-deep-equal": "^3.1.3", "fast-uri": "^3.0.1", "json-schema-traverse": "^1.0.0", "require-from-string": "^2.0.2" } }, "sha512-NQsbJbB/GV7JVO88ebFkMndrnuGp/dTm5/2NISeg+JGcLzTfGBJZ01+V5zD8nKBOpi/dLLNFT+Ql6IcUk8ehng=="],

    "@redocly/config": ["@redocly/config@0.22.2", "", {}, "sha512-roRDai8/zr2S9YfmzUfNhKjOF0NdcOIqF7bhf4MVC5UxpjIysDjyudvlAiVbpPHp3eDRWbdzUgtkK1a7YiDNyQ=="],

    "@redocly/openapi-core": ["@redocly/openapi-core@1.34.6", "", { "dependencies": { "@redocly/ajv": "^8.11.2", "@redocly/config": "^0.22.0", "colorette": "^1.2.0", "https-proxy-agent": "^7.0.5", "js-levenshtein": "^1.1.6", "js-yaml": "^4.1.0", "minimatch": "^5.0.1", "pluralize": "^8.0.0", "yaml-ast-parser": "0.0.43" } }, "sha512-2+O+riuIUgVSuLl3Lyh5AplWZyVMNuG2F98/o6NrutKJfW4/GTZdPpZlIphS0HGgcOHgmWcCSHj+dWFlZaGSHw=="],

    "@supabase/api": ["@supabase/api@workspace:packages/api"],

    "@supabase/cli": ["@supabase/cli@workspace:packages/cli"],

    "@supabase/cli-darwin-arm64": ["@supabase/cli-darwin-arm64@workspace:packages/cli-darwin-arm64"],

    "@supabase/cli-darwin-x64": ["@supabase/cli-darwin-x64@workspace:packages/cli-darwin-x64"],

    "@supabase/cli-dist": ["@supabase/cli-dist@workspace:packages/cli-dist"],

    "@supabase/cli-linux-arm64": ["@supabase/cli-linux-arm64@workspace:packages/cli-linux-arm64"],

    "@supabase/cli-linux-x64": ["@supabase/cli-linux-x64@workspace:packages/cli-linux-x64"],

    "@supabase/cli-windows-x64": ["@supabase/cli-windows-x64@workspace:packages/cli-windows-x64"],

    "@supabase/config": ["@supabase/config@workspace:packages/config"],

    "@supabase/process-compose": ["@supabase/process-compose@workspace:packages/process-compose"],

    "@tsconfig/bun": ["@tsconfig/bun@1.0.10", "", {}, "sha512-5AV5YknQjNyoYzZ/8NG0dawqew/wH+x7ANiCfCIn29qo0cdbd1EryvFD1k5NSZWLBMOI/fGqMIaxi58GPIP9Cg=="],

    "@tybys/wasm-util": ["@tybys/wasm-util@0.10.1", "", { "dependencies": { "tslib": "^2.4.0" } }, "sha512-9tTaPJLSiejZKx+Bmog4uSubteqTvFrVrURwkmHixBo0G4seD0zUxp98E1DzUBJxLQ3NPwXrGKDiVjwx/DpPsg=="],

    "@types/bun": ["@types/bun@1.3.8", "", { "dependencies": { "bun-types": "1.3.8" } }, "sha512-3LvWJ2q5GerAXYxO2mffLTqOzEu5qnhEAlh48Vnu8WQfnmSwbgagjGZV6BoHKJztENYEDn6QmVd949W4uESRJA=="],

    "@types/node": ["@types/node@25.2.0", "", { "dependencies": { "undici-types": "~7.16.0" } }, "sha512-DZ8VwRFUNzuqJ5khrvwMXHmvPe+zGayJhr2CDNiKB1WBE1ST8Djl00D0IC4vvNmHMdj6DlbYRIaFE7WHjlDl5w=="],

    "@typescript/native-preview": ["@typescript/native-preview@7.0.0-dev.20260208.1", "", { "optionalDependencies": { "@typescript/native-preview-darwin-arm64": "7.0.0-dev.20260208.1", "@typescript/native-preview-darwin-x64": "7.0.0-dev.20260208.1", "@typescript/native-preview-linux-arm": "7.0.0-dev.20260208.1", "@typescript/native-preview-linux-arm64": "7.0.0-dev.20260208.1", "@typescript/native-preview-linux-x64": "7.0.0-dev.20260208.1", "@typescript/native-preview-win32-arm64": "7.0.0-dev.20260208.1", "@typescript/native-preview-win32-x64": "7.0.0-dev.20260208.1" }, "bin": { "tsgo": "bin/tsgo.js" } }, "sha512-Uvrv3FciZTvvdSpmaaJscQ3Nut9/IPFkHh5CIy0IuDHIqwCoHvkkTOdIFE/rgMfHkIlQHhnj9oF94kzRu8YnXg=="],

    "@typescript/native-preview-darwin-arm64": ["@typescript/native-preview-darwin-arm64@7.0.0-dev.20260208.1", "", { "os": "darwin", "cpu": "arm64" }, "sha512-ixnfsxZVziOh/tsuqrjJvXvfBqcilASOnWCsGLaBL9LwpY/0kZxfwvqR8c9DAyB9ilYsmrbu6mi8VtE39eNL9g=="],

    "@typescript/native-preview-darwin-x64": ["@typescript/native-preview-darwin-x64@7.0.0-dev.20260208.1", "", { "os": "darwin", "cpu": "x64" }, "sha512-LH5gacYZOG/mwCBSCYOVMZSQLWNuvBLjJcvm5W7UrTvnMvij9n/spfjHeRicJ1FdHeskCYvOVttshOUxZTQnOA=="],

    "@typescript/native-preview-linux-arm": ["@typescript/native-preview-linux-arm@7.0.0-dev.20260208.1", "", { "os": "linux", "cpu": "arm" }, "sha512-Ep5dHLBW+q3uJBI3WDIWuqBoazjZAo+EIyY/kkv/eoy8vUPsvMElv4vyvLJEYbhlpSrOFYVk8J2KiV+UqvpoVw=="],

    "@typescript/native-preview-linux-arm64": ["@typescript/native-preview-linux-arm64@7.0.0-dev.20260208.1", "", { "os": "linux", "cpu": "arm64" }, "sha512-adQ3+tzalW6TbLFoL3PqKpL2MyaAaUW8EfmmKmUSpSM2w1ynKChIYmk0KKOFMQXoK3o3hxkvg8PoQbzk8nSEtQ=="],

    "@typescript/native-preview-linux-x64": ["@typescript/native-preview-linux-x64@7.0.0-dev.20260208.1", "", { "os": "linux", "cpu": "x64" }, "sha512-lCJU9WYwrMWTLkQdvLs6KmFvz/0yZ951D756vsRdC43rLSmzb1GS4T8u9TJ9m5vuM1UST9Mj0+ID5lq5RfHnVA=="],

    "@typescript/native-preview-win32-arm64": ["@typescript/native-preview-win32-arm64@7.0.0-dev.20260208.1", "", { "os": "win32", "cpu": "arm64" }, "sha512-ZEjw0C5dtr9felIUTcpQ65zlTZANmdKcU+qakczrVOyUnF31+FyQtP/Fp2YPOteOAmwrxfCtCsw1Es4zSgtSeA=="],

    "@typescript/native-preview-win32-x64": ["@typescript/native-preview-win32-x64@7.0.0-dev.20260208.1", "", { "os": "win32", "cpu": "x64" }, "sha512-2ARKZBZwSyxLvQqIl2uqzHESKOYwmEYLJL02B9gPOYUyJOBG+mA75TyeOVTRuafDQv+Fp4xBDDyPOon5ARh+KQ=="],

    "agent-base": ["agent-base@7.1.4", "", {}, "sha512-MnA+YT8fwfJPgBx3m60MNqakm30XOkyIoH1y6huTQvC0PwZG7ki8NacLBcrPbNoo8vEZy7Jpuk7+jMO+CUovTQ=="],

    "ansi-colors": ["ansi-colors@4.1.3", "", {}, "sha512-/6w/C21Pm1A7aZitlI5Ni/2J6FFQN8i1Cvz3kHABAAbw93v/NlvKdVOqz7CCWz/3iv/JplRSEEZ83XION15ovw=="],

    "argparse": ["argparse@2.0.1", "", {}, "sha512-8+9WqebbFzpX9OR+Wa6O29asIogeRMzcGtAINdpMHHyAg10f05aSFVBbcEqGf/PXw1EjAZ+q2/bEBg3DvurK3Q=="],

    "balanced-match": ["balanced-match@1.0.2", "", {}, "sha512-3oSeUO0TMV67hN1AmbXsK4yaqU7tjiHlbxRDZOpH0KW9+CeX4bRAaX0Anxt0tx2MrpRpWwQaPwIlISEJhYU5Pw=="],

    "brace-expansion": ["brace-expansion@2.0.2", "", { "dependencies": { "balanced-match": "^1.0.0" } }, "sha512-Jt0vHyM+jmUBqojB7E1NIYadt0vI0Qxjxd2TErW94wDz+E2LAm5vKMXXwg6ZZBTHPuUlDgQHKXvjGBdfcF1ZDQ=="],

    "braces": ["braces@3.0.3", "", { "dependencies": { "fill-range": "^7.1.1" } }, "sha512-yQbXgO/OSZVD2IsiLlro+7Hf6Q18EJrKSEsdoMzKePKXct3gvD8oLcOQdIzGupr5Fj+EDe8gO/lxc1BzfMpxvA=="],

    "bun-types": ["bun-types@1.3.8", "", { "dependencies": { "@types/node": "*" } }, "sha512-fL99nxdOWvV4LqjmC+8Q9kW3M4QTtTR1eePs94v5ctGqU8OeceWrSUaRw3JYb7tU3FkMIAjkueehrHPPPGKi5Q=="],

    "change-case": ["change-case@5.4.4", "", {}, "sha512-HRQyTk2/YPEkt9TnUPbOpr64Uw3KOicFWPVBb+xiHvd6eBx/qPr9xqfBFDT8P2vWsvvz4jbEkfDe71W3VyNu2w=="],

    "colorette": ["colorette@1.4.0", "", {}, "sha512-Y2oEozpomLn7Q3HFP7dpww7AtMJplbM9lGZP6RDfHqmbeRjiwRg4n6VM6j4KLmRke85uWEI7JqF17f3pqdRA0g=="],

    "debug": ["debug@4.4.3", "", { "dependencies": { "ms": "^2.1.3" } }, "sha512-RGwwWnwQvkVfavKVt22FGLw+xYSdzARwm0ru6DhTVA3umU5hZc28V3kO4stgYryrTlLpuvgI9GiijltAjNbcqA=="],

    "dedent": ["dedent@1.7.1", "", { "peerDependencies": { "babel-plugin-macros": "^3.1.0" }, "optionalPeers": ["babel-plugin-macros"] }, "sha512-9JmrhGZpOlEgOLdQgSm0zxFaYoQon408V1v49aqTWuXENVlnCuY9JBZcXZiCsZQWDjTm5Qf/nIvAy77mXDAjEg=="],

    "fast-deep-equal": ["fast-deep-equal@3.1.3", "", {}, "sha512-f3qQ9oQy9j2AhBe/H9VC91wLmKBCCU/gDOnKNAYG5hswO7BLKj09Hc5HYNz9cGI++xlpDCIgDaitVs03ATR84Q=="],

    "fast-glob": ["fast-glob@3.3.3", "", { "dependencies": { "@nodelib/fs.stat": "^2.0.2", "@nodelib/fs.walk": "^1.2.3", "glob-parent": "^5.1.2", "merge2": "^1.3.0", "micromatch": "^4.0.8" } }, "sha512-7MptL8U0cqcFdzIzwOTHoilX9x5BrNqye7Z/LuC7kCMRio1EMSyqRK3BEAUD7sXRq4iT4AzTVuZdhgQ2TCvYLg=="],

    "fast-uri": ["fast-uri@3.1.0", "", {}, "sha512-iPeeDKJSWf4IEOasVVrknXpaBV0IApz/gp7S2bb7Z4Lljbl2MGJRqInZiUrQwV16cpzw/D3S5j5Julj/gT52AA=="],

    "fastq": ["fastq@1.20.1", "", { "dependencies": { "reusify": "^1.0.4" } }, "sha512-GGToxJ/w1x32s/D2EKND7kTil4n8OVk/9mycTc4VDza13lOvpUZTGX3mFSCtV9ksdGBVzvsyAVLM6mHFThxXxw=="],

    "fd-package-json": ["fd-package-json@2.0.0", "", { "dependencies": { "walk-up-path": "^4.0.0" } }, "sha512-jKmm9YtsNXN789RS/0mSzOC1NUq9mkVd65vbSSVsKdjGvYXBuE4oWe2QOEoFeRmJg+lPuZxpmrfFclNhoRMneQ=="],

    "fill-range": ["fill-range@7.1.1", "", { "dependencies": { "to-regex-range": "^5.0.1" } }, "sha512-YsGpe3WHLK8ZYi4tWDg2Jy3ebRz2rXowDxnld4bkQB00cc/1Zw9AWnC0i9ztDJitivtQvaI9KaLyKrc+hBW0yg=="],

    "formatly": ["formatly@0.3.0", "", { "dependencies": { "fd-package-json": "^2.0.0" }, "bin": { "formatly": "bin/index.mjs" } }, "sha512-9XNj/o4wrRFyhSMJOvsuyMwy8aUfBaZ1VrqHVfohyXf0Sw0e+yfKG+xZaY3arGCOMdwFsqObtzVOc1gU9KiT9w=="],

    "glob-parent": ["glob-parent@5.1.2", "", { "dependencies": { "is-glob": "^4.0.1" } }, "sha512-AOIgSQCepiJYwP3ARnGx+5VnTu2HBYdzbGP45eLw1vr3zB3vZLeyed1sC9hnbcOc9/SrMyM5RPQrkGz4aS9Zow=="],

    "hono": ["hono@4.11.7", "", {}, "sha512-l7qMiNee7t82bH3SeyUCt9UF15EVmaBvsppY2zQtrbIhl/yzBTny+YUxsVjSjQ6gaqaeVtZmGocom8TzBlA4Yw=="],

    "https-proxy-agent": ["https-proxy-agent@7.0.6", "", { "dependencies": { "agent-base": "^7.1.2", "debug": "4" } }, "sha512-vK9P5/iUfdl95AI+JVyUuIcVtd4ofvtrOr3HNtM2yxC9bnMbEdp3x01OhQNnjb8IJYi38VlTE3mBXwcfvywuSw=="],

    "index-to-position": ["index-to-position@1.2.0", "", {}, "sha512-Yg7+ztRkqslMAS2iFaU+Oa4KTSidr63OsFGlOrJoW981kIYO3CGCS3wA95P1mUi/IVSJkn0D479KTJpVpvFNuw=="],

    "is-extglob": ["is-extglob@2.1.1", "", {}, "sha512-SbKbANkN603Vi4jEZv49LeVJMn4yGwsbzZworEoyEiutsN3nJYdbO36zfhGJ6QEDpOZIFkDtnq5JRxmvl3jsoQ=="],

    "is-glob": ["is-glob@4.0.3", "", { "dependencies": { "is-extglob": "^2.1.1" } }, "sha512-xelSayHH36ZgE7ZWhli7pW34hNbNl8Ojv5KVmkJD4hBdD3th8Tfk9vYasLM+mXWOZhFkgZfxhLSnrwRr4elSSg=="],

    "is-number": ["is-number@7.0.0", "", {}, "sha512-41Cifkg6e8TylSpdtTpeLVMqvSBEVzTttHvERD741+pnZ8ANv0004MRL43QKPDlK9cGvNp6NZWZUBlbGXYxxng=="],

    "jiti": ["jiti@2.6.1", "", { "bin": { "jiti": "lib/jiti-cli.mjs" } }, "sha512-ekilCSN1jwRvIbgeg/57YFh8qQDNbwDb9xT/qu2DAHbFFZUicIl4ygVaAvzveMhMVr3LnpSKTNnwt8PoOfmKhQ=="],

    "js-levenshtein": ["js-levenshtein@1.1.6", "", {}, "sha512-X2BB11YZtrRqY4EnQcLX5Rh373zbK4alC1FW7D7MBhL2gtcC17cTnr6DmfHZeS0s2rTHjUTMMHfG7gO8SSdw+g=="],

    "js-tokens": ["js-tokens@4.0.0", "", {}, "sha512-RdJUflcE3cUzKiMqQgsCu06FPu9UdIJO0beYbPhHN4k6apgJtifcoCtT9bcxOpYBtpD2kCM6Sbzg4CausW/PKQ=="],

    "js-yaml": ["js-yaml@4.1.1", "", { "dependencies": { "argparse": "^2.0.1" }, "bin": { "js-yaml": "bin/js-yaml.js" } }, "sha512-qQKT4zQxXl8lLwBtHMWwaTcGfFOZviOJet3Oy/xmGk2gZH677CJM9EvtfdSkgWcATZhj/55JZ0rmy3myCT5lsA=="],

    "json-schema-traverse": ["json-schema-traverse@1.0.0", "", {}, "sha512-NM8/P9n3XjXhIZn1lLhkFaACTOURQXjWhV4BA/RnOv8xvgqtqpAX9IO4mRQxSx1Rlo4tqzeqb0sOlruaOy3dug=="],

    "jsonv-ts": ["jsonv-ts@0.10.1", "", { "optionalDependencies": { "hono": "*" }, "peerDependencies": { "typescript": "^5.0.0" } }, "sha512-IfuXZigNjLQzW4X7dLRTpwd1pD1lk86SoXBWmLdF+VE6SE4PcXevWs8c/bPl7qVrZXhh8lYwbTF7TFtgO2/jXg=="],

    "knip": ["knip@https://pkg.pr.new/knip@1513", { "dependencies": { "@nodelib/fs.walk": "^1.2.3", "fast-glob": "^3.3.3", "formatly": "^0.3.0", "jiti": "^2.6.0", "js-yaml": "^4.1.1", "minimist": "^1.2.8", "oxc-resolver": "^11.15.0", "picocolors": "^1.1.1", "picomatch": "^4.0.1", "smol-toml": "^1.5.2", "strip-json-comments": "5.0.3", "zod": "^4.1.11" }, "peerDependencies": { "@types/node": ">=18", "typescript": ">=5.0.4 <7" }, "bin": { "knip": "bin/knip.js", "knip-bun": "bin/knip-bun.js" } }],

    "merge2": ["merge2@1.4.1", "", {}, "sha512-8q7VEgMJW4J8tcfVPy8g09NcQwZdbwFEqhe/WZkoIzjn/3TGDwtOCYtXGxA3O8tPzpczCCDgv+P2P5y00ZJOOg=="],

    "micromatch": ["micromatch@4.0.8", "", { "dependencies": { "braces": "^3.0.3", "picomatch": "^2.3.1" } }, "sha512-PXwfBhYu0hBCPw8Dn0E+WDYb7af3dSLVWKi3HGv84IdF4TyFoC0ysxFd0Goxw7nSv4T/PzEJQxsYsEiFCKo2BA=="],

    "minimatch": ["minimatch@5.1.6", "", { "dependencies": { "brace-expansion": "^2.0.1" } }, "sha512-lKwV/1brpG6mBUFHtb7NUmtABCb2WZZmm2wNiOA5hAb8VdCS4B3dtMWyvcoViccwAW/COERjXLt0zP1zXUN26g=="],

    "minimist": ["minimist@1.2.8", "", {}, "sha512-2yyAR8qBkN3YuheJanUpWC5U3bb5osDywNB8RzDVlDwDHbocAJveqqj1u8+SVD7jkWT4yvsHCpWqqWqAxb0zCA=="],

    "ms": ["ms@2.1.3", "", {}, "sha512-6FlzubTLZG3J2a/NVCAleEhjzq5oxgHyaCU9yYXvcLsvoVaHJq/s5xXI6/XXP6tz7R9xAOtHnSO/tXtF3WRTlA=="],

    "openapi-fetch": ["openapi-fetch@0.13.8", "", { "dependencies": { "openapi-typescript-helpers": "^0.0.15" } }, "sha512-yJ4QKRyNxE44baQ9mY5+r/kAzZ8yXMemtNAOFwOzRXJscdjSxxzWSNlyBAr+o5JjkUw9Lc3W7OIoca0cY3PYnQ=="],

    "openapi-typescript": ["openapi-typescript@7.12.0", "", { "dependencies": { "@redocly/openapi-core": "^1.34.6", "ansi-colors": "^4.1.3", "change-case": "^5.4.4", "parse-json": "^8.3.0", "supports-color": "^10.2.2", "yargs-parser": "^21.1.1" }, "peerDependencies": { "typescript": "^5.x" }, "bin": { "openapi-typescript": "bin/cli.js" } }, "sha512-dtk3h5rbILWfDEUCNgMeBHSpvVsslM0ik1psDxxlrIAJk34SDqZIbhF+qKZy6MytW7Fp+wxynq9y5S3wgJcn0g=="],

    "openapi-typescript-helpers": ["openapi-typescript-helpers@0.0.15", "", {}, "sha512-opyTPaunsklCBpTK8JGef6mfPhLSnyy5a0IN9vKtx3+4aExf+KxEqYwIy3hqkedXIB97u357uLMJsOnm3GVjsw=="],

    "oxc-resolver": ["oxc-resolver@11.17.0", "", { "optionalDependencies": { "@oxc-resolver/binding-android-arm-eabi": "11.17.0", "@oxc-resolver/binding-android-arm64": "11.17.0", "@oxc-resolver/binding-darwin-arm64": "11.17.0", "@oxc-resolver/binding-darwin-x64": "11.17.0", "@oxc-resolver/binding-freebsd-x64": "11.17.0", "@oxc-resolver/binding-linux-arm-gnueabihf": "11.17.0", "@oxc-resolver/binding-linux-arm-musleabihf": "11.17.0", "@oxc-resolver/binding-linux-arm64-gnu": "11.17.0", "@oxc-resolver/binding-linux-arm64-musl": "11.17.0", "@oxc-resolver/binding-linux-ppc64-gnu": "11.17.0", "@oxc-resolver/binding-linux-riscv64-gnu": "11.17.0", "@oxc-resolver/binding-linux-riscv64-musl": "11.17.0", "@oxc-resolver/binding-linux-s390x-gnu": "11.17.0", "@oxc-resolver/binding-linux-x64-gnu": "11.17.0", "@oxc-resolver/binding-linux-x64-musl": "11.17.0", "@oxc-resolver/binding-openharmony-arm64": "11.17.0", "@oxc-resolver/binding-wasm32-wasi": "11.17.0", "@oxc-resolver/binding-win32-arm64-msvc": "11.17.0", "@oxc-resolver/binding-win32-ia32-msvc": "11.17.0", "@oxc-resolver/binding-win32-x64-msvc": "11.17.0" } }, "sha512-R5P2Tw6th+nQJdNcZGfuppBS/sM0x1EukqYffmlfX2xXLgLGCCPwu4ruEr9Sx29mrpkHgITc130Qps2JR90NdQ=="],

    "oxfmt": ["oxfmt@0.28.0", "", { "dependencies": { "tinypool": "2.1.0" }, "optionalDependencies": { "@oxfmt/darwin-arm64": "0.28.0", "@oxfmt/darwin-x64": "0.28.0", "@oxfmt/linux-arm64-gnu": "0.28.0", "@oxfmt/linux-arm64-musl": "0.28.0", "@oxfmt/linux-x64-gnu": "0.28.0", "@oxfmt/linux-x64-musl": "0.28.0", "@oxfmt/win32-arm64": "0.28.0", "@oxfmt/win32-x64": "0.28.0" }, "bin": { "oxfmt": "bin/oxfmt" } }, "sha512-3+hhBqPE6Kp22KfJmnstrZbl+KdOVSEu1V0ABaFIg1rYLtrMgrupx9znnHgHLqKxAVHebjTdiCJDk30CXOt6cw=="],

    "oxlint": ["oxlint@1.43.0", "", { "optionalDependencies": { "@oxlint/darwin-arm64": "1.43.0", "@oxlint/darwin-x64": "1.43.0", "@oxlint/linux-arm64-gnu": "1.43.0", "@oxlint/linux-arm64-musl": "1.43.0", "@oxlint/linux-x64-gnu": "1.43.0", "@oxlint/linux-x64-musl": "1.43.0", "@oxlint/win32-arm64": "1.43.0", "@oxlint/win32-x64": "1.43.0" }, "peerDependencies": { "oxlint-tsgolint": ">=0.11.2" }, "optionalPeers": ["oxlint-tsgolint"], "bin": { "oxlint": "bin/oxlint" } }, "sha512-xiqTCsKZch+R61DPCjyqUVP2MhkQlRRYxLRBeBDi+dtQJ90MOgdcjIktvDCgXz0bgtx94EQzHEndsizZjMX2OA=="],

    "oxlint-tsgolint": ["oxlint-tsgolint@0.11.5", "", { "optionalDependencies": { "@oxlint-tsgolint/darwin-arm64": "0.11.5", "@oxlint-tsgolint/darwin-x64": "0.11.5", "@oxlint-tsgolint/linux-arm64": "0.11.5", "@oxlint-tsgolint/linux-x64": "0.11.5", "@oxlint-tsgolint/win32-arm64": "0.11.5", "@oxlint-tsgolint/win32-x64": "0.11.5" }, "bin": { "tsgolint": "bin/tsgolint.js" } }, "sha512-4uVv43EhkeMvlxDU1GUsR5P5c0q74rB/pQRhjGsTOnMIrDbg3TABTntRyeAkmXItqVEJTcDRv9+Yk+LFXkHKlg=="],

    "parse-json": ["parse-json@8.3.0", "", { "dependencies": { "@babel/code-frame": "^7.26.2", "index-to-position": "^1.1.0", "type-fest": "^4.39.1" } }, "sha512-ybiGyvspI+fAoRQbIPRddCcSTV9/LsJbf0e/S85VLowVGzRmokfneg2kwVW/KU5rOXrPSbF1qAKPMgNTqqROQQ=="],

    "picocolors": ["picocolors@1.1.1", "", {}, "sha512-xceH2snhtb5M9liqDsmEw56le376mTZkEX/jEb/RxNFyegNul7eNslCXP9FDj/Lcu0X8KEyMceP2ntpaHrDEVA=="],

    "picomatch": ["picomatch@4.0.3", "", {}, "sha512-5gTmgEY/sqK6gFXLIsQNH19lWb4ebPDLA4SdLP7dsWkIXHWlG66oPuVvXSGFPppYZz8ZDZq0dYYrbHfBCVUb1Q=="],

    "pluralize": ["pluralize@8.0.0", "", {}, "sha512-Nc3IT5yHzflTfbjgqWcCPpo7DaKy4FnpB0l/zCAW0Tc7jxAiuqSxHasntB3D7887LSrA93kDJ9IXovxJYxyLCA=="],

    "queue-microtask": ["queue-microtask@1.2.3", "", {}, "sha512-NuaNSa6flKT5JaSYQzJok04JzTL1CA6aGhv5rfLW3PgqA+M2ChpZQnAC8h8i4ZFkBS8X5RqkDBHA7r4hej3K9A=="],

    "require-from-string": ["require-from-string@2.0.2", "", {}, "sha512-Xf0nWe6RseziFMu+Ap9biiUbmplq6S9/p+7w7YXP/JBHhrUDDUhwa+vANyubuqfZWTveU//DYVGsDG7RKL/vEw=="],

    "reusify": ["reusify@1.1.0", "", {}, "sha512-g6QUff04oZpHs0eG5p83rFLhHeV00ug/Yf9nZM6fLeUrPguBTkTQOdpAWWspMh55TZfVQDPaN3NQJfbVRAxdIw=="],

    "run-parallel": ["run-parallel@1.2.0", "", { "dependencies": { "queue-microtask": "^1.2.2" } }, "sha512-5l4VyZR86LZ/lDxZTR6jqL8AFE2S0IFLMP26AbjsLVADxHdhB/c0GUsH+y39UfCi3dzz8OlQuPmnaJOMoDHQBA=="],

    "smol-toml": ["smol-toml@1.6.0", "", {}, "sha512-4zemZi0HvTnYwLfrpk/CF9LOd9Lt87kAt50GnqhMpyF9U3poDAP2+iukq2bZsO/ufegbYehBkqINbsWxj4l4cw=="],

    "strip-json-comments": ["strip-json-comments@5.0.3", "", {}, "sha512-1tB5mhVo7U+ETBKNf92xT4hrQa3pm0MZ0PQvuDnWgAAGHDsfp4lPSpiS6psrSiet87wyGPh9ft6wmhOMQ0hDiw=="],

    "supports-color": ["supports-color@10.2.2", "", {}, "sha512-SS+jx45GF1QjgEXQx4NJZV9ImqmO2NPz5FNsIHrsDjh2YsHnawpan7SNQ1o8NuhrbHZy9AZhIoCUiCeaW/C80g=="],

    "tinypool": ["tinypool@2.1.0", "", {}, "sha512-Pugqs6M0m7Lv1I7FtxN4aoyToKg1C4tu+/381vH35y8oENM/Ai7f7C4StcoK4/+BSw9ebcS8jRiVrORFKCALLw=="],

    "to-regex-range": ["to-regex-range@5.0.1", "", { "dependencies": { "is-number": "^7.0.0" } }, "sha512-65P7iz6X5yEr1cwcgvQxbbIw7Uk3gOy5dIdtZ4rDveLqhrdJP+Li/Hx6tyK0NEb+2GCyneCMJiGqrADCSNk8sQ=="],

    "tslib": ["tslib@2.8.1", "", {}, "sha512-oJFu94HQb+KVduSUQL7wnpmqnfmLsOA/nAh6b6EH0wCEoK0/mPeXU6c3wKDV83MkOuHPRHtSXKKU99IBazS/2w=="],

    "type-fest": ["type-fest@4.41.0", "", {}, "sha512-TeTSQ6H5YHvpqVwBRcnLDCBnDOHWYu7IvGbHT6N8AOymcr9PJGjc1GTtiWZTYg0NCgYwvnYWEkVChQAr9bjfwA=="],

    "typescript": ["typescript@5.9.3", "", { "bin": { "tsc": "bin/tsc", "tsserver": "bin/tsserver" } }, "sha512-jl1vZzPDinLr9eUt3J/t7V6FgNEw9QjvBPdysz9KfQDD41fQrC2Y4vKQdiaUpFT4bXlb1RHhLpp8wtm6M5TgSw=="],

    "undici-types": ["undici-types@7.16.0", "", {}, "sha512-Zz+aZWSj8LE6zoxD+xrjh4VfkIG8Ya6LvYkZqtUQGJPZjYl53ypCaUwWqo7eI0x66KBGeRo+mlBEkMSeSZ38Nw=="],

    "walk-up-path": ["walk-up-path@4.0.0", "", {}, "sha512-3hu+tD8YzSLGuFYtPRb48vdhKMi0KQV5sn+uWr8+7dMEq/2G/dtLrdDinkLjqq5TIbIBjYJ4Ax/n3YiaW7QM8A=="],

    "yaml-ast-parser": ["yaml-ast-parser@0.0.43", "", {}, "sha512-2PTINUwsRqSd+s8XxKaJWQlUuEMHJQyEuh2edBbW8KNJz0SJPwUSD2zRWqezFEdN7IzAgeuYHFUCF7o8zRdZ0A=="],

    "yargs-parser": ["yargs-parser@21.1.1", "", {}, "sha512-tVpsJW7DdjecAiFpbIB1e3qxIQsE6NoPc5/eTdrbbIC4h0LVsWhnoa3g+m2HclBIujHzsxZ4VJVA+GUuc2/LBw=="],

    "zod": ["zod@4.3.6", "", {}, "sha512-rftlrkhHZOcjDwkGlnUtZZkvaPHCsDATp4pGpuOOMDaTdDDXF91wuVDJoWoPsKX/3YPQ5fHuF3STjcYyKr+Qhg=="],

    "micromatch/picomatch": ["picomatch@2.3.1", "", {}, "sha512-JU3teHTNjmE2VCGFzuY8EXzCDVwEqB2a8fsIvwaStHhAWJEeVd1o1QD80CU6+ZdEXXSLbSsuLwJjkCBWqRQUVA=="],
  }
}
