lockfileVersion: '9.0'

settings:
  autoInstallPeers: true
  excludeLinksFromLockfile: false

importers:

  .:
    dependencies:
      '@resvg/resvg-js':
        specifier: 2.6.2
        version: 2.6.2

packages:

  '@resvg/resvg-js-android-arm-eabi@2.6.2':
    resolution: {integrity: sha512-FrJibrAk6v29eabIPgcTUMPXiEz8ssrAk7TXxsiZzww9UTQ1Z5KAbFJs+Z0Ez+VZTYgnE5IQJqBcoSiMebtPHA==}
    engines: {node: '>= 10'}
    cpu: [arm]
    os: [android]

  '@resvg/resvg-js-android-arm64@2.6.2':
    resolution: {integrity: sha512-VcOKezEhm2VqzXpcIJoITuvUS/fcjIw5NA/w3tjzWyzmvoCdd+QXIqy3FBGulWdClvp4g+IfUemigrkLThSjAQ==}
    engines: {node: '>= 10'}
    cpu: [arm64]
    os: [android]

  '@resvg/resvg-js-darwin-arm64@2.6.2':
    resolution: {integrity: sha512-nmok2LnAd6nLUKI16aEB9ydMC6Lidiiq2m1nEBDR1LaaP7FGs4AJ90qDraxX+CWlVuRlvNjyYJTNv8qFjtL9+A==}
    engines: {node: '>= 10'}
    cpu: [arm64]
    os: [darwin]

  '@resvg/resvg-js-darwin-x64@2.6.2':
    resolution: {integrity: sha512-GInyZLjgWDfsVT6+SHxQVRwNzV0AuA1uqGsOAW+0th56J7Nh6bHHKXHBWzUrihxMetcFDmQMAX1tZ1fZDYSRsw==}
    engines: {node: '>= 10'}
    cpu: [x64]
    os: [darwin]

  '@resvg/resvg-js-linux-arm-gnueabihf@2.6.2':
    resolution: {integrity: sha512-YIV3u/R9zJbpqTTNwTZM5/ocWetDKGsro0SWp70eGEM9eV2MerWyBRZnQIgzU3YBnSBQ1RcxRZvY/UxwESfZIw==}
    engines: {node: '>= 10'}
    cpu: [arm]
    os: [linux]

  '@resvg/resvg-js-linux-arm64-gnu@2.6.2':
    resolution: {integrity: sha512-zc2BlJSim7YR4FZDQ8OUoJg5holYzdiYMeobb9pJuGDidGL9KZUv7SbiD4E8oZogtYY42UZEap7dqkkYuA91pg==}
    engines: {node: '>= 10'}
    cpu: [arm64]
    os: [linux]
    libc: [glibc]

  '@resvg/resvg-js-linux-arm64-musl@2.6.2':
    resolution: {integrity: sha512-3h3dLPWNgSsD4lQBJPb4f+kvdOSJHa5PjTYVsWHxLUzH4IFTJUAnmuWpw4KqyQ3NA5QCyhw4TWgxk3jRkQxEKg==}
    engines: {node: '>= 10'}
    cpu: [arm64]
    os: [linux]
    libc: [musl]

  '@resvg/resvg-js-linux-x64-gnu@2.6.2':
    resolution: {integrity: sha512-IVUe+ckIerA7xMZ50duAZzwf1U7khQe2E0QpUxu5MBJNao5RqC0zwV/Zm965vw6D3gGFUl7j4m+oJjubBVoftw==}
    engines: {node: '>= 10'}
    cpu: [x64]
    os: [linux]
    libc: [glibc]

  '@resvg/resvg-js-linux-x64-musl@2.6.2':
    resolution: {integrity: sha512-UOf83vqTzoYQO9SZ0fPl2ZIFtNIz/Rr/y+7X8XRX1ZnBYsQ/tTb+cj9TE+KHOdmlTFBxhYzVkP2lRByCzqi4jQ==}
    engines: {node: '>= 10'}
    cpu: [x64]
    os: [linux]
    libc: [musl]

  '@resvg/resvg-js-win32-arm64-msvc@2.6.2':
    resolution: {integrity: sha512-7C/RSgCa+7vqZ7qAbItfiaAWhyRSoD4l4BQAbVDqRRsRgY+S+hgS3in0Rxr7IorKUpGE69X48q6/nOAuTJQxeQ==}
    engines: {node: '>= 10'}
    cpu: [arm64]
    os: [win32]

  '@resvg/resvg-js-win32-ia32-msvc@2.6.2':
    resolution: {integrity: sha512-har4aPAlvjnLcil40AC77YDIk6loMawuJwFINEM7n0pZviwMkMvjb2W5ZirsNOZY4aDbo5tLx0wNMREp5Brk+w==}
    engines: {node: '>= 10'}
    cpu: [ia32]
    os: [win32]

  '@resvg/resvg-js-win32-x64-msvc@2.6.2':
    resolution: {integrity: sha512-ZXtYhtUr5SSaBrUDq7DiyjOFJqBVL/dOBN7N/qmi/pO0IgiWW/f/ue3nbvu9joWE5aAKDoIzy/CxsY0suwGosQ==}
    engines: {node: '>= 10'}
    cpu: [x64]
    os: [win32]

  '@resvg/resvg-js@2.6.2':
    resolution: {integrity: sha512-xBaJish5OeGmniDj9cW5PRa/PtmuVU3ziqrbr5xJj901ZDN4TosrVaNZpEiLZAxdfnhAe7uQ7QFWfjPe9d9K2Q==}
    engines: {node: '>= 10'}

snapshots:

  '@resvg/resvg-js-android-arm-eabi@2.6.2':
    optional: true

  '@resvg/resvg-js-android-arm64@2.6.2':
    optional: true

  '@resvg/resvg-js-darwin-arm64@2.6.2':
    optional: true

  '@resvg/resvg-js-darwin-x64@2.6.2':
    optional: true

  '@resvg/resvg-js-linux-arm-gnueabihf@2.6.2':
    optional: true

  '@resvg/resvg-js-linux-arm64-gnu@2.6.2':
    optional: true

  '@resvg/resvg-js-linux-arm64-musl@2.6.2':
    optional: true

  '@resvg/resvg-js-linux-x64-gnu@2.6.2':
    optional: true

  '@resvg/resvg-js-linux-x64-musl@2.6.2':
    optional: true

  '@resvg/resvg-js-win32-arm64-msvc@2.6.2':
    optional: true

  '@resvg/resvg-js-win32-ia32-msvc@2.6.2':
    optional: true

  '@resvg/resvg-js-win32-x64-msvc@2.6.2':
    optional: true

  '@resvg/resvg-js@2.6.2':
    optionalDependencies:
      '@resvg/resvg-js-android-arm-eabi': 2.6.2
      '@resvg/resvg-js-android-arm64': 2.6.2
      '@resvg/resvg-js-darwin-arm64': 2.6.2
      '@resvg/resvg-js-darwin-x64': 2.6.2
      '@resvg/resvg-js-linux-arm-gnueabihf': 2.6.2
      '@resvg/resvg-js-linux-arm64-gnu': 2.6.2
      '@resvg/resvg-js-linux-arm64-musl': 2.6.2
      '@resvg/resvg-js-linux-x64-gnu': 2.6.2
      '@resvg/resvg-js-linux-x64-musl': 2.6.2
      '@resvg/resvg-js-win32-arm64-msvc': 2.6.2
      '@resvg/resvg-js-win32-ia32-msvc': 2.6.2
      '@resvg/resvg-js-win32-x64-msvc': 2.6.2
